Microsoft Visual Studio Solution File, Format Version 12.00
# Visual Studio Version 17
VisualStudioVersion = 17.5.2.0
MinimumVisualStudioVersion = 10.0.40219.1
Project("{FAE04EC0-301F-11D3-BF4B-00C04F79EFBC}") = "BankTgBot", "BankTgBot.csproj", "{3E0ECD9D-7C25-0CA4-B385-65FB143B07F8}"
EndProject
Global
	GlobalSection(SolutionConfigurationPlatforms) = preSolution
		Debug|Any CPU = Debug|Any CPU
		Release|Any CPU = Release|Any CPU
	EndGlobalSection
	GlobalSection(ProjectConfigurationPlatforms) = postSolution
		{3E0ECD9D-7C25-0CA4-B385-65FB143B07F8}.Debug|Any CPU.ActiveCfg = Debug|Any CPU
		{3E0ECD9D-7C25-0CA4-B385-65FB143B07F8}.Debug|Any CPU.Build.0 = Debug|Any CPU
		{3E0ECD9D-7C25-0CA4-B385-65FB143B07F8}.Release|Any CPU.ActiveCfg = Release|Any CPU
		{3E0ECD9D-7C25-0CA4-B385-65FB143B07F8}.Release|Any CPU.Build.0 = Release|Any CPU
	EndGlobalSection
	GlobalSection(SolutionProperties) = preSolution
		HideSolutionNode = FALSE
	EndGlobalSection
	GlobalSection(ExtensibilityGlobals) = postSolution
		SolutionGuid = {E2D74DAC-1C45-4FC0-9867-1FC8DE777CF1}
	EndGlobalSection
EndGlobal
